
Microsoft Visual Studio Solution File, Format Version 12.00
# Visual Studio Version 17
VisualStudioVersion = 17.3.32819.101
MinimumVisualStudioVersion = 10.0.40219.1
Project("{FAE04EC0-301F-11D3-BF4B-00C04F79EFBC}") = "project6", "project6.csproj", "{CC430EE8-214E-4BCB-86AC-47F66AD97EA5}"
EndProject
Global
	GlobalSection(SolutionConfigurationPlatforms) = preSolution
		Debug|Any CPU = Debug|Any CPU
		Release|Any CPU = Release|Any CPU
	EndGlobalSection
	GlobalSection(ProjectConfigurationPlatforms) = postSolution
		{CC430EE8-214E-4BCB-86AC-47F66AD97EA5}.Debug|Any CPU.ActiveCfg = Debug|Any CPU
		{CC430EE8-214E-4BCB-86AC-47F66AD97EA5}.Debug|Any CPU.Build.0 = Debug|Any CPU
		{CC430EE8-214E-4BCB-86AC-47F66AD97EA5}.Release|Any CPU.ActiveCfg = Release|Any CPU
		{CC430EE8-214E-4BCB-86AC-47F66AD97EA5}.Release|Any CPU.Build.0 = Release|Any CPU
	EndGlobalSection
	GlobalSection(SolutionProperties) = preSolution
		HideSolutionNode = FALSE
	EndGlobalSection
	GlobalSection(ExtensibilityGlobals) = postSolution
		SolutionGuid = {0661AB4C-076A-43D5-9F99-87EF32EAB9F6}
	EndGlobalSection
EndGlobal
